PODS:
  - PresentAnimatedTransitioningController (2.0.0)

DEPENDENCIES:
  - PresentAnimatedTransitioningController (~> 2.0)

SPEC CHECKSUMS:
  PresentAnimatedTransitioningController: 5117496d70a062e807f3650a5f905ffda1887bb0

PODFILE CHECKSUM: ac799eabe4e627c1556e1423f1d0d27627c82555

COCOAPODS: 1.1.0.rc.2
