PODS:
  - PresentAnimatedTransitioningController (3.0.0)

DEPENDENCIES:
  - PresentAnimatedTransitioningController (~> 3.0)

SPEC REPOS:
  https://github.com/cocoapods/specs.git:
    - PresentAnimatedTransitioningController

SPEC CHECKSUMS:
  PresentAnimatedTransitioningController: eb0302d650287d3af9ffec6c29f89856dec5cca7

PODFILE CHECKSUM: ff3bb5ffe348eb295dbc65ccf498e028bfe1b79b

COCOAPODS: 1.5.2
