PODS:
  - ModalTransitioning (4.0.0)

DEPENDENCIES:
  - ModalTransitioning (~> 4.0)

SPEC REPOS:
  https://github.com/cocoapods/specs.git:
    - ModalTransitioning

SPEC CHECKSUMS:
  ModalTransitioning: a96e40ef1881875f0ff0196ffad47d9797582298

PODFILE CHECKSUM: f01c06517cdf9cf34a7d68601ed268de470b5335

COCOAPODS: 1.5.3
